
Microsoft Visual Studio Solution File, Format Version 12.00
# Visual Studio Version 17
VisualStudioVersion = 17.10.34928.147
MinimumVisualStudioVersion = 10.0.40219.1
Project("{FAE04EC0-301F-11D3-BF4B-00C04F79EFBC}") = "NetCoreRedisEntegration", "NetCoreRedisEntegration.csproj", "{8C8F4BD3-BF46-415C-996C-6C13DFEA4FD6}"
EndProject
Global
	GlobalSection(SolutionConfigurationPlatforms) = preSolution
		Debug|Any CPU = Debug|Any CPU
		Release|Any CPU = Release|Any CPU
	EndGlobalSection
	GlobalSection(ProjectConfigurationPlatforms) = postSolution
		{8C8F4BD3-BF46-415C-996C-6C13DFEA4FD6}.Debug|Any CPU.ActiveCfg = Debug|Any CPU
		{8C8F4BD3-BF46-415C-996C-6C13DFEA4FD6}.Debug|Any CPU.Build.0 = Debug|Any CPU
		{8C8F4BD3-BF46-415C-996C-6C13DFEA4FD6}.Release|Any CPU.ActiveCfg = Release|Any CPU
		{8C8F4BD3-BF46-415C-996C-6C13DFEA4FD6}.Release|Any CPU.Build.0 = Release|Any CPU
	EndGlobalSection
	GlobalSection(SolutionProperties) = preSolution
		HideSolutionNode = FALSE
	EndGlobalSection
	GlobalSection(ExtensibilityGlobals) = postSolution
		SolutionGuid = {EE270C7B-8458-49BB-86CE-7CF592BC8EC0}
	EndGlobalSection
EndGlobal
